
Microsoft Visual Studio Solution File, Format Version 12.00
# Visual Studio Version 17
VisualStudioVersion = 17.14.36414.22 d17.14
MinimumVisualStudioVersion = 10.0.40219.1
Project("{FAE04EC0-301F-11D3-BF4B-00C04F79EFBC}") = "Application", "Application\Application.csproj", "{9EBD59B4-F069-4B7E-A677-351B2A2DAE8D}"
EndProject
Project("{FAE04EC0-301F-11D3-BF4B-00C04F79EFBC}") = "Domain", "Domain\Domain.csproj", "{4382ECBB-B14B-418B-B1DC-C3F36847AC37}"
EndProject
Project("{FAE04EC0-301F-11D3-BF4B-00C04F79EFBC}") = "Infratructure", "Infratructure\Infratructure.csproj", "{4F428BFA-0BE7-4AB3-A2F2-90A59FD5DB10}"
EndProject
Project("{FAE04EC0-301F-11D3-BF4B-00C04F79EFBC}") = "Shared", "Shared\Shared.csproj", "{BF7D28FE-7152-485F-A86F-6775288AA50A}"
EndProject
Project("{FAE04EC0-301F-11D3-BF4B-00C04F79EFBC}") = "API", "API\API.csproj", "{E08546A5-92B6-4566-A01C-48FE9EB81E9E}"
EndProject
Global
	GlobalSection(SolutionConfigurationPlatforms) = preSolution
		Debug|Any CPU = Debug|Any CPU
		Release|Any CPU = Release|Any CPU
	EndGlobalSection
	GlobalSection(ProjectConfigurationPlatforms) = postSolution
		{9EBD59B4-F069-4B7E-A677-351B2A2DAE8D}.Debug|Any CPU.ActiveCfg = Debug|Any CPU
		{9EBD59B4-F069-4B7E-A677-351B2A2DAE8D}.Debug|Any CPU.Build.0 = Debug|Any CPU
		{9EBD59B4-F069-4B7E-A677-351B2A2DAE8D}.Release|Any CPU.ActiveCfg = Release|Any CPU
		{9EBD59B4-F069-4B7E-A677-351B2A2DAE8D}.Release|Any CPU.Build.0 = Release|Any CPU
		{4382ECBB-B14B-418B-B1DC-C3F36847AC37}.Debug|Any CPU.ActiveCfg = Debug|Any CPU
		{4382ECBB-B14B-418B-B1DC-C3F36847AC37}.Debug|Any CPU.Build.0 = Debug|Any CPU
		{4382ECBB-B14B-418B-B1DC-C3F36847AC37}.Release|Any CPU.ActiveCfg = Release|Any CPU
		{4382ECBB-B14B-418B-B1DC-C3F36847AC37}.Release|Any CPU.Build.0 = Release|Any CPU
		{4F428BFA-0BE7-4AB3-A2F2-90A59FD5DB10}.Debug|Any CPU.ActiveCfg = Debug|Any CPU
		{4F428BFA-0BE7-4AB3-A2F2-90A59FD5DB10}.Debug|Any CPU.Build.0 = Debug|Any CPU
		{4F428BFA-0BE7-4AB3-A2F2-90A59FD5DB10}.Release|Any CPU.ActiveCfg = Release|Any CPU
		{4F428BFA-0BE7-4AB3-A2F2-90A59FD5DB10}.Release|Any CPU.Build.0 = Release|Any CPU
		{BF7D28FE-7152-485F-A86F-6775288AA50A}.Debug|Any CPU.ActiveCfg = Debug|Any CPU
		{BF7D28FE-7152-485F-A86F-6775288AA50A}.Debug|Any CPU.Build.0 = Debug|Any CPU
		{BF7D28FE-7152-485F-A86F-6775288AA50A}.Release|Any CPU.ActiveCfg = Release|Any CPU
		{BF7D28FE-7152-485F-A86F-6775288AA50A}.Release|Any CPU.Build.0 = Release|Any CPU
		{E08546A5-92B6-4566-A01C-48FE9EB81E9E}.Debug|Any CPU.ActiveCfg = Debug|Any CPU
		{E08546A5-92B6-4566-A01C-48FE9EB81E9E}.Debug|Any CPU.Build.0 = Debug|Any CPU
		{E08546A5-92B6-4566-A01C-48FE9EB81E9E}.Release|Any CPU.ActiveCfg = Release|Any CPU
		{E08546A5-92B6-4566-A01C-48FE9EB81E9E}.Release|Any CPU.Build.0 = Release|Any CPU
	EndGlobalSection
	GlobalSection(SolutionProperties) = preSolution
		HideSolutionNode = FALSE
	EndGlobalSection
	GlobalSection(ExtensibilityGlobals) = postSolution
		SolutionGuid = {CF5B569A-ABAC-4D8E-BDFA-2A953AD23487}
	EndGlobalSection
EndGlobal
